// !$*UTF8*$!
{
	archiveVersion = 1;
	classes = {
	};
	objectVersion = 56;
	objects = {

/* Begin PBXBuildFile section */
		652B697D2C1EBD7D004EB4DD /* FeedLoaderWithFallbackCompositeTests.swift in Sources */ = {isa = PBXBuildFile; fileRef = 652B697C2C1EBD7D004EB4DD /* FeedLoaderWithFallbackCompositeTests.swift */; };
		652B69852C1EBFE1004EB4DD /* EssentialFeed.framework in Frameworks */ = {isa = PBXBuildFile; fileRef = 652B69842C1EBFE1004EB4DD /* EssentialFeed.framework */; };
		652B69862C1EBFE1004EB4DD /* EssentialFeed.framework in Embed Frameworks */ = {isa = PBXBuildFile; fileRef = 652B69842C1EBFE1004EB4DD /* EssentialFeed.framework */; settings = {ATTRIBUTES = (CodeSignOnCopy, RemoveHeadersOnCopy, ); }; };
		652B69892C1EC638004EB4DD /* FeedLoaderWithFallbackComposite.swift in Sources */ = {isa = PBXBuildFile; fileRef = 652B69882C1EC638004EB4DD /* FeedLoaderWithFallbackComposite.swift */; };
		652B698B2C1ECA1E004EB4DD /* FeedImageDataLoaderWithFallbackCompositeTests.swift in Sources */ = {isa = PBXBuildFile; fileRef = 652B698A2C1ECA1E004EB4DD /* FeedImageDataLoaderWithFallbackCompositeTests.swift */; };
		652B698D2C1EE254004EB4DD /* FeedImageDataLoaderWithFallbackComposite.swift in Sources */ = {isa = PBXBuildFile; fileRef = 652B698C2C1EE254004EB4DD /* FeedImageDataLoaderWithFallbackComposite.swift */; };
		652B69902C1EE2C2004EB4DD /* XCTestCase+MemoryLeakTracking.swift in Sources */ = {isa = PBXBuildFile; fileRef = 652B698F2C1EE2C2004EB4DD /* XCTestCase+MemoryLeakTracking.swift */; };
		65C233052C1EB77900E09195 /* AppDelegate.swift in Sources */ = {isa = PBXBuildFile; fileRef = 65C233042C1EB77900E09195 /* AppDelegate.swift */; };
		65C233072C1EB77900E09195 /* SceneDelegate.swift in Sources */ = {isa = PBXBuildFile; fileRef = 65C233062C1EB77900E09195 /* SceneDelegate.swift */; };
		65C233092C1EB77900E09195 /* ViewController.swift in Sources */ = {isa = PBXBuildFile; fileRef = 65C233082C1EB77900E09195 /* ViewController.swift */; };
		65C2330C2C1EB77900E09195 /* Base in Resources */ = {isa = PBXBuildFile; fileRef = 65C2330B2C1EB77900E09195 /* Base */; };
		65C2330E2C1EB77D00E09195 /* Assets.xcassets in Resources */ = {isa = PBXBuildFile; fileRef = 65C2330D2C1EB77D00E09195 /* Assets.xcassets */; };
		65C233112C1EB77D00E09195 /* Base in Resources */ = {isa = PBXBuildFile; fileRef = 65C233102C1EB77D00E09195 /* Base */; };
/* End PBXBuildFile section */

/* Begin PBXContainerItemProxy section */
		652B697E2C1EBD7D004EB4DD /* PBXContainerItemProxy */ = {
			isa = PBXContainerItemProxy;
			containerPortal = 65C232F92C1EB77800E09195 /* Project object */;
			proxyType = 1;
			remoteGlobalIDString = 65C233002C1EB77900E09195;
			remoteInfo = EssentailApp;
		};
/* End PBXContainerItemProxy section */

/* Begin PBXCopyFilesBuildPhase section */
		652B69872C1EBFE1004EB4DD /* Embed Frameworks */ = {
			isa = PBXCopyFilesBuildPhase;
			buildActionMask = 2147483647;
			dstPath = "";
			dstSubfolderSpec = 10;
			files = (
				652B69862C1EBFE1004EB4DD /* EssentialFeed.framework in Embed Frameworks */,
			);
			name = "Embed Frameworks";
			runOnlyForDeploymentPostprocessing = 0;
		};
/* End PBXCopyFilesBuildPhase section */

/* Begin PBXFileReference section */
		652B697A2C1EBD7D004EB4DD /* EssentailAppTests.xctest */ = {isa = PBXFileReference; explicitFileType = wrapper.cfbundle; includeInIndex = 0; path = EssentailAppTests.xctest; sourceTree = BUILT_PRODUCTS_DIR; };
		652B697C2C1EBD7D004EB4DD /* FeedLoaderWithFallbackCompositeTests.swift */ = {isa = PBXFileReference; lastKnownFileType = sourcecode.swift; path = FeedLoaderWithFallbackCompositeTests.swift; sourceTree = "<group>"; };
		652B69842C1EBFE1004EB4DD /* EssentialFeed.framework */ = {isa = PBXFileReference; explicitFileType = wrapper.framework; path = EssentialFeed.framework; sourceTree = BUILT_PRODUCTS_DIR; };
		652B69882C1EC638004EB4DD /* FeedLoaderWithFallbackComposite.swift */ = {isa = PBXFileReference; lastKnownFileType = sourcecode.swift; path = FeedLoaderWithFallbackComposite.swift; sourceTree = "<group>"; };
		652B698A2C1ECA1E004EB4DD /* FeedImageDataLoaderWithFallbackCompositeTests.swift */ = {isa = PBXFileReference; lastKnownFileType = sourcecode.swift; path = FeedImageDataLoaderWithFallbackCompositeTests.swift; sourceTree = "<group>"; };
		652B698C2C1EE254004EB4DD /* FeedImageDataLoaderWithFallbackComposite.swift */ = {isa = PBXFileReference; fileEncoding = 4; lastKnownFileType = sourcecode.swift; path = FeedImageDataLoaderWithFallbackComposite.swift; sourceTree = "<group>"; };
		652B698F2C1EE2C2004EB4DD /* XCTestCase+MemoryLeakTracking.swift */ = {isa = PBXFileReference; lastKnownFileType = sourcecode.swift; path = "XCTestCase+MemoryLeakTracking.swift"; sourceTree = "<group>"; };
		65C233012C1EB77900E09195 /* EssentailApp.app */ = {isa = PBXFileReference; explicitFileType = wrapper.application; includeInIndex = 0; path = EssentailApp.app; sourceTree = BUILT_PRODUCTS_DIR; };
		65C233042C1EB77900E09195 /* AppDelegate.swift */ = {isa = PBXFileReference; lastKnownFileType = sourcecode.swift; path = AppDelegate.swift; sourceTree = "<group>"; };
		65C233062C1EB77900E09195 /* SceneDelegate.swift */ = {isa = PBXFileReference; lastKnownFileType = sourcecode.swift; path = SceneDelegate.swift; sourceTree = "<group>"; };
		65C233082C1EB77900E09195 /* ViewController.swift */ = {isa = PBXFileReference; lastKnownFileType = sourcecode.swift; path = ViewController.swift; sourceTree = "<group>"; };
		65C2330B2C1EB77900E09195 /* Base */ = {isa = PBXFileReference; lastKnownFileType = file.storyboard; name = Base; path = Base.lproj/Main.storyboard; sourceTree = "<group>"; };
		65C2330D2C1EB77D00E09195 /* Assets.xcassets */ = {isa = PBXFileReference; lastKnownFileType = folder.assetcatalog; path = Assets.xcassets; sourceTree = "<group>"; };
		65C233102C1EB77D00E09195 /* Base */ = {isa = PBXFileReference; lastKnownFileType = file.storyboard; name = Base; path = Base.lproj/LaunchScreen.storyboard; sourceTree = "<group>"; };
		65C233122C1EB77D00E09195 /* Info.plist */ = {isa = PBXFileReference; lastKnownFileType = text.plist.xml; path = Info.plist; sourceTree = "<group>"; };
/* End PBXFileReference section */

/* Begin PBXFrameworksBuildPhase section */
		652B69772C1EBD7D004EB4DD /* Frameworks */ = {
			isa = PBXFrameworksBuildPhase;
			buildActionMask = 2147483647;
			files = (
			);
			runOnlyForDeploymentPostprocessing = 0;
		};
		65C232FE2C1EB77900E09195 /* Frameworks */ = {
			isa = PBXFrameworksBuildPhase;
			buildActionMask = 2147483647;
			files = (
				652B69852C1EBFE1004EB4DD /* EssentialFeed.framework in Frameworks */,
			);
			runOnlyForDeploymentPostprocessing = 0;
		};
/* End PBXFrameworksBuildPhase section */

/* Begin PBXGroup section */
		652B697B2C1EBD7D004EB4DD /* EssentailAppTests */ = {
			isa = PBXGroup;
			children = (
				652B698E2C1EE2B9004EB4DD /* Helpers */,
				652B697C2C1EBD7D004EB4DD /* FeedLoaderWithFallbackCompositeTests.swift */,
				652B698A2C1ECA1E004EB4DD /* FeedImageDataLoaderWithFallbackCompositeTests.swift */,
			);
			path = EssentailAppTests;
			sourceTree = "<group>";
		};
		652B69832C1EBFE1004EB4DD /* Frameworks */ = {
			isa = PBXGroup;
			children = (
				652B69842C1EBFE1004EB4DD /* EssentialFeed.framework */,
			);
			name = Frameworks;
			sourceTree = "<group>";
		};
		652B698E2C1EE2B9004EB4DD /* Helpers */ = {
			isa = PBXGroup;
			children = (
				652B698F2C1EE2C2004EB4DD /* XCTestCase+MemoryLeakTracking.swift */,
			);
			path = Helpers;
			sourceTree = "<group>";
		};
		65C232F82C1EB77800E09195 = {
			isa = PBXGroup;
			children = (
				65C233032C1EB77900E09195 /* EssentailApp */,
				652B697B2C1EBD7D004EB4DD /* EssentailAppTests */,
				65C233022C1EB77900E09195 /* Products */,
				652B69832C1EBFE1004EB4DD /* Frameworks */,
			);
			sourceTree = "<group>";
		};
		65C233022C1EB77900E09195 /* Products */ = {
			isa = PBXGroup;
			children = (
				65C233012C1EB77900E09195 /* EssentailApp.app */,
				652B697A2C1EBD7D004EB4DD /* EssentailAppTests.xctest */,
			);
			name = Products;
			sourceTree = "<group>";
		};
		65C233032C1EB77900E09195 /* EssentailApp */ = {
			isa = PBXGroup;
			children = (
				65C233042C1EB77900E09195 /* AppDelegate.swift */,
				65C233062C1EB77900E09195 /* SceneDelegate.swift */,
				65C233082C1EB77900E09195 /* ViewController.swift */,
				65C2330A2C1EB77900E09195 /* Main.storyboard */,
				65C2330D2C1EB77D00E09195 /* Assets.xcassets */,
				65C2330F2C1EB77D00E09195 /* LaunchScreen.storyboard */,
				65C233122C1EB77D00E09195 /* Info.plist */,
				652B69882C1EC638004EB4DD /* FeedLoaderWithFallbackComposite.swift */,
				652B698C2C1EE254004EB4DD /* FeedImageDataLoaderWithFallbackComposite.swift */,
			);
			path = EssentailApp;
			sourceTree = "<group>";
		};
/* End PBXGroup section */

/* Begin PBXNativeTarget section */
		652B69792C1EBD7D004EB4DD /* EssentailAppTests */ = {
			isa = PBXNativeTarget;
			buildConfigurationList = 652B69822C1EBD7D004EB4DD /* Build configuration list for PBXNativeTarget "EssentailAppTests" */;
			buildPhases = (
				652B69762C1EBD7D004EB4DD /* Sources */,
				652B69772C1EBD7D004EB4DD /* Frameworks */,
				652B69782C1EBD7D004EB4DD /* Resources */,
			);
			buildRules = (
			);
			dependencies = (
				652B697F2C1EBD7D004EB4DD /* PBXTargetDependency */,
			);
			name = EssentailAppTests;
			productName = EssentailAppTests;
			productReference = 652B697A2C1EBD7D004EB4DD /* EssentailAppTests.xctest */;
			productType = "com.apple.product-type.bundle.unit-test";
		};
		65C233002C1EB77900E09195 /* EssentailApp */ = {
			isa = PBXNativeTarget;
			buildConfigurationList = 65C233152C1EB77D00E09195 /* Build configuration list for PBXNativeTarget "EssentailApp" */;
			buildPhases = (
				65C232FD2C1EB77900E09195 /* Sources */,
				65C232FE2C1EB77900E09195 /* Frameworks */,
				65C232FF2C1EB77900E09195 /* Resources */,
				652B69872C1EBFE1004EB4DD /* Embed Frameworks */,
			);
			buildRules = (
			);
			dependencies = (
			);
			name = EssentailApp;
			productName = EssentailApp;
			productReference = 65C233012C1EB77900E09195 /* EssentailApp.app */;
			productType = "com.apple.product-type.application";
		};
/* End PBXNativeTarget section */

/* Begin PBXProject section */
		65C232F92C1EB77800E09195 /* Project object */ = {
			isa = PBXProject;
			attributes = {
				BuildIndependentTargetsInParallel = 1;
				LastSwiftUpdateCheck = 1540;
				LastUpgradeCheck = 1540;
				TargetAttributes = {
					652B69792C1EBD7D004EB4DD = {
						CreatedOnToolsVersion = 15.4;
						TestTargetID = 65C233002C1EB77900E09195;
					};
					65C233002C1EB77900E09195 = {
						CreatedOnToolsVersion = 15.4;
					};
				};
			};
			buildConfigurationList = 65C232FC2C1EB77800E09195 /* Build configuration list for PBXProject "EssentailApp" */;
			compatibilityVersion = "Xcode 14.0";
			developmentRegion = en;
			hasScannedForEncodings = 0;
			knownRegions = (
				en,
				Base,
			);
			mainGroup = 65C232F82C1EB77800E09195;
			productRefGroup = 65C233022C1EB77900E09195 /* Products */;
			projectDirPath = "";
			projectRoot = "";
			targets = (
				65C233002C1EB77900E09195 /* EssentailApp */,
				652B69792C1EBD7D004EB4DD /* EssentailAppTests */,
			);
		};
/* End PBXProject section */

/* Begin PBXResourcesBuildPhase section */
		652B69782C1EBD7D004EB4DD /* Resources */ = {
			isa = PBXResourcesBuildPhase;
			buildActionMask = 2147483647;
			files = (
			);
			runOnlyForDeploymentPostprocessing = 0;
		};
		65C232FF2C1EB77900E09195 /* Resources */ = {
			isa = PBXResourcesBuildPhase;
			buildActionMask = 2147483647;
			files = (
				65C2330E2C1EB77D00E09195 /* Assets.xcassets in Resources */,
				65C233112C1EB77D00E09195 /* Base in Resources */,
				65C2330C2C1EB77900E09195 /* Base in Resources */,
			);
			runOnlyForDeploymentPostprocessing = 0;
		};
/* End PBXResourcesBuildPhase section */

/* Begin PBXSourcesBuildPhase section */
		652B69762C1EBD7D004EB4DD /* Sources */ = {
			isa = PBXSourcesBuildPhase;
			buildActionMask = 2147483647;
			files = (
				652B698B2C1ECA1E004EB4DD /* FeedImageDataLoaderWithFallbackCompositeTests.swift in Sources */,
				652B697D2C1EBD7D004EB4DD /* FeedLoaderWithFallbackCompositeTests.swift in Sources */,
				652B69902C1EE2C2004EB4DD /* XCTestCase+MemoryLeakTracking.swift in Sources */,
			);
			runOnlyForDeploymentPostprocessing = 0;
		};
		65C232FD2C1EB77900E09195 /* Sources */ = {
			isa = PBXSourcesBuildPhase;
			buildActionMask = 2147483647;
			files = (
				65C233092C1EB77900E09195 /* ViewController.swift in Sources */,
				65C233052C1EB77900E09195 /* AppDelegate.swift in Sources */,
				652B69892C1EC638004EB4DD /* FeedLoaderWithFallbackComposite.swift in Sources */,
				65C233072C1EB77900E09195 /* SceneDelegate.swift in Sources */,
				652B698D2C1EE254004EB4DD /* FeedImageDataLoaderWithFallbackComposite.swift in Sources */,
			);
			runOnlyForDeploymentPostprocessing = 0;
		};
/* End PBXSourcesBuildPhase section */

/* Begin PBXTargetDependency section */
		652B697F2C1EBD7D004EB4DD /* PBXTargetDependency */ = {
			isa = PBXTargetDependency;
			target = 65C233002C1EB77900E09195 /* EssentailApp */;
			targetProxy = 652B697E2C1EBD7D004EB4DD /* PBXContainerItemProxy */;
		};
/* End PBXTargetDependency section */

/* Begin PBXVariantGroup section */
		65C2330A2C1EB77900E09195 /* Main.storyboard */ = {
			isa = PBXVariantGroup;
			children = (
				65C2330B2C1EB77900E09195 /* Base */,
			);
			name = Main.storyboard;
			sourceTree = "<group>";
		};
		65C2330F2C1EB77D00E09195 /* LaunchScreen.storyboard */ = {
			isa = PBXVariantGroup;
			children = (
				65C233102C1EB77D00E09195 /* Base */,
			);
			name = LaunchScreen.storyboard;
			sourceTree = "<group>";
		};
/* End PBXVariantGroup section */

/* Begin XCBuildConfiguration section */
		652B69802C1EBD7D004EB4DD /* Debug */ = {
			isa = XCBuildConfiguration;
			buildSettings = {
				BUNDLE_LOADER = "$(TEST_HOST)";
				CODE_SIGN_STYLE = Automatic;
				CURRENT_PROJECT_VERSION = 1;
				DEVELOPMENT_TEAM = ADTR2923N7;
				GENERATE_INFOPLIST_FILE = YES;
				MARKETING_VERSION = 1.0;
				PRODUCT_BUNDLE_IDENTIFIER = abdul.EssentailAppTests;
				PRODUCT_NAME = "$(TARGET_NAME)";
				SWIFT_EMIT_LOC_STRINGS = NO;
				SWIFT_VERSION = 5.0;
				TARGETED_DEVICE_FAMILY = "1,2";
				TEST_HOST = "$(BUILT_PRODUCTS_DIR)/EssentailApp.app/$(BUNDLE_EXECUTABLE_FOLDER_PATH)/EssentailApp";
			};
			name = Debug;
		};
		652B69812C1EBD7D004EB4DD /* Release */ = {
			isa = XCBuildConfiguration;
			buildSettings = {
				BUNDLE_LOADER = "$(TEST_HOST)";
				CODE_SIGN_STYLE = Automatic;
				CURRENT_PROJECT_VERSION = 1;
				DEVELOPMENT_TEAM = ADTR2923N7;
				GENERATE_INFOPLIST_FILE = YES;
				MARKETING_VERSION = 1.0;
				PRODUCT_BUNDLE_IDENTIFIER = abdul.EssentailAppTests;
				PRODUCT_NAME = "$(TARGET_NAME)";
				SWIFT_EMIT_LOC_STRINGS = NO;
				SWIFT_VERSION = 5.0;
				TARGETED_DEVICE_FAMILY = "1,2";
				TEST_HOST = "$(BUILT_PRODUCTS_DIR)/EssentailApp.app/$(BUNDLE_EXECUTABLE_FOLDER_PATH)/EssentailApp";
			};
			name = Release;
		};
		65C233132C1EB77D00E09195 /* Debug */ = {
			isa = XCBuildConfiguration;
			buildSettings = {
				ALWAYS_SEARCH_USER_PATHS = NO;
				ASSETCATALOG_COMPILER_GENERATE_SWIFT_ASSET_SYMBOL_EXTENSIONS = YES;
				CLANG_ANALYZER_NONNULL = YES;
				CLANG_ANALYZER_NUMBER_OBJECT_CONVERSION = YES_AGGRESSIVE;
				CLANG_CXX_LANGUAGE_STANDARD = "gnu++20";
				CLANG_ENABLE_MODULES = YES;
				CLANG_ENABLE_OBJC_ARC = YES;
				CLANG_ENABLE_OBJC_WEAK = YES;
				CLANG_WARN_BLOCK_CAPTURE_AUTORELEASING = YES;
				CLANG_WARN_BOOL_CONVERSION = YES;
				CLANG_WARN_COMMA = YES;
				CLANG_WARN_CONSTANT_CONVERSION = YES;
				CLANG_WARN_DEPRECATED_OBJC_IMPLEMENTATIONS = YES;
				CLANG_WARN_DIRECT_OBJC_ISA_USAGE = YES_ERROR;
				CLANG_WARN_DOCUMENTATION_COMMENTS = YES;
				CLANG_WARN_EMPTY_BODY = YES;
				CLANG_WARN_ENUM_CONVERSION = YES;
				CLANG_WARN_INFINITE_RECURSION = YES;
				CLANG_WARN_INT_CONVERSION = YES;
				CLANG_WARN_NON_LITERAL_NULL_CONVERSION = YES;
				CLANG_WARN_OBJC_IMPLICIT_RETAIN_SELF = YES;
				CLANG_WARN_OBJC_LITERAL_CONVERSION = YES;
				CLANG_WARN_OBJC_ROOT_CLASS = YES_ERROR;
				CLANG_WARN_QUOTED_INCLUDE_IN_FRAMEWORK_HEADER = YES;
				CLANG_WARN_RANGE_LOOP_ANALYSIS = YES;
				CLANG_WARN_STRICT_PROTOTYPES = YES;
				CLANG_WARN_SUSPICIOUS_MOVE = YES;
				CLANG_WARN_UNGUARDED_AVAILABILITY = YES_AGGRESSIVE;
				CLANG_WARN_UNREACHABLE_CODE = YES;
				CLANG_WARN__DUPLICATE_METHOD_MATCH = YES;
				COPY_PHASE_STRIP = NO;
				DEBUG_INFORMATION_FORMAT = dwarf;
				ENABLE_STRICT_OBJC_MSGSEND = YES;
				ENABLE_TESTABILITY = YES;
				ENABLE_USER_SCRIPT_SANDBOXING = YES;
				GCC_C_LANGUAGE_STANDARD = gnu17;
				GCC_DYNAMIC_NO_PIC = NO;
				GCC_NO_COMMON_BLOCKS = YES;
				GCC_OPTIMIZATION_LEVEL = 0;
				GCC_PREPROCESSOR_DEFINITIONS = (
					"DEBUG=1",
					"$(inherited)",
				);
				GCC_WARN_64_TO_32_BIT_CONVERSION = YES;
				GCC_WARN_ABOUT_RETURN_TYPE = YES_ERROR;
				GCC_WARN_UNDECLARED_SELECTOR = YES;
				GCC_WARN_UNINITIALIZED_AUTOS = YES_AGGRESSIVE;
				GCC_WARN_UNUSED_FUNCTION = YES;
				GCC_WARN_UNUSED_VARIABLE = YES;
				IPHONEOS_DEPLOYMENT_TARGET = 17.5;
				LOCALIZATION_PREFERS_STRING_CATALOGS = YES;
				MTL_ENABLE_DEBUG_INFO = INCLUDE_SOURCE;
				MTL_FAST_MATH = YES;
				ONLY_ACTIVE_ARCH = YES;
				SDKROOT = iphoneos;
				SWIFT_ACTIVE_COMPILATION_CONDITIONS = "DEBUG $(inherited)";
				SWIFT_OPTIMIZATION_LEVEL = "-Onone";
			};
			name = Debug;
		};
		65C233142C1EB77D00E09195 /* Release */ = {
			isa = XCBuildConfiguration;
			buildSettings = {
				ALWAYS_SEARCH_USER_PATHS = NO;
				ASSETCATALOG_COMPILER_GENERATE_SWIFT_ASSET_SYMBOL_EXTENSIONS = YES;
				CLANG_ANALYZER_NONNULL = YES;
				CLANG_ANALYZER_NUMBER_OBJECT_CONVERSION = YES_AGGRESSIVE;
				CLANG_CXX_LANGUAGE_STANDARD = "gnu++20";
				CLANG_ENABLE_MODULES = YES;
				CLANG_ENABLE_OBJC_ARC = YES;
				CLANG_ENABLE_OBJC_WEAK = YES;
				CLANG_WARN_BLOCK_CAPTURE_AUTORELEASING = YES;
				CLANG_WARN_BOOL_CONVERSION = YES;
				CLANG_WARN_COMMA = YES;
				CLANG_WARN_CONSTANT_CONVERSION = YES;
				CLANG_WARN_DEPRECATED_OBJC_IMPLEMENTATIONS = YES;
				CLANG_WARN_DIRECT_OBJC_ISA_USAGE = YES_ERROR;
				CLANG_WARN_DOCUMENTATION_COMMENTS = YES;
				CLANG_WARN_EMPTY_BODY = YES;
				CLANG_WARN_ENUM_CONVERSION = YES;
				CLANG_WARN_INFINITE_RECURSION = YES;
				CLANG_WARN_INT_CONVERSION = YES;
				CLANG_WARN_NON_LITERAL_NULL_CONVERSION = YES;
				CLANG_WARN_OBJC_IMPLICIT_RETAIN_SELF = YES;
				CLANG_WARN_OBJC_LITERAL_CONVERSION = YES;
				CLANG_WARN_OBJC_ROOT_CLASS = YES_ERROR;
				CLANG_WARN_QUOTED_INCLUDE_IN_FRAMEWORK_HEADER = YES;
				CLANG_WARN_RANGE_LOOP_ANALYSIS = YES;
				CLANG_WARN_STRICT_PROTOTYPES = YES;
				CLANG_WARN_SUSPICIOUS_MOVE = YES;
				CLANG_WARN_UNGUARDED_AVAILABILITY = YES_AGGRESSIVE;
				CLANG_WARN_UNREACHABLE_CODE = YES;
				CLANG_WARN__DUPLICATE_METHOD_MATCH = YES;
				COPY_PHASE_STRIP = NO;
				DEBUG_INFORMATION_FORMAT = "dwarf-with-dsym";
				ENABLE_NS_ASSERTIONS = NO;
				ENABLE_STRICT_OBJC_MSGSEND = YES;
				ENABLE_USER_SCRIPT_SANDBOXING = YES;
				GCC_C_LANGUAGE_STANDARD = gnu17;
				GCC_NO_COMMON_BLOCKS = YES;
				GCC_WARN_64_TO_32_BIT_CONVERSION = YES;
				GCC_WARN_ABOUT_RETURN_TYPE = YES_ERROR;
				GCC_WARN_UNDECLARED_SELECTOR = YES;
				GCC_WARN_UNINITIALIZED_AUTOS = YES_AGGRESSIVE;
				GCC_WARN_UNUSED_FUNCTION = YES;
				GCC_WARN_UNUSED_VARIABLE = YES;
				IPHONEOS_DEPLOYMENT_TARGET = 17.5;
				LOCALIZATION_PREFERS_STRING_CATALOGS = YES;
				MTL_ENABLE_DEBUG_INFO = NO;
				MTL_FAST_MATH = YES;
				SDKROOT = iphoneos;
				SWIFT_COMPILATION_MODE = wholemodule;
				VALIDATE_PRODUCT = YES;
			};
			name = Release;
		};
		65C233162C1EB77D00E09195 /* Debug */ = {
			isa = XCBuildConfiguration;
			buildSettings = {
				ASSETCATALOG_COMPILER_APPICON_NAME = AppIcon;
				ASSETCATALOG_COMPILER_GLOBAL_ACCENT_COLOR_NAME = AccentColor;
				CODE_SIGN_STYLE = Automatic;
				CURRENT_PROJECT_VERSION = 1;
				DEVELOPMENT_TEAM = ADTR2923N7;
				GENERATE_INFOPLIST_FILE = YES;
				INFOPLIST_FILE = EssentailApp/Info.plist;
				INFOPLIST_KEY_UIApplicationSupportsIndirectInputEvents = YES;
				INFOPLIST_KEY_UILaunchStoryboardName = LaunchScreen;
				INFOPLIST_KEY_UIMainStoryboardFile = Main;
				INFOPLIST_KEY_UISupportedInterfaceOrientations_iPad = "UIInterfaceOrientationPortrait UIInterfaceOrientationPortraitUpsideDown UIInterfaceOrientationLandscapeLeft UIInterfaceOrientationLandscapeRight";
				INFOPLIST_KEY_UISupportedInterfaceOrientations_iPhone = "UIInterfaceOrientationPortrait UIInterfaceOrientationLandscapeLeft UIInterfaceOrientationLandscapeRight";
				LD_RUNPATH_SEARCH_PATHS = (
					"$(inherited)",
					"@executable_path/Frameworks",
				);
				MARKETING_VERSION = 1.0;
				PRODUCT_BUNDLE_IDENTIFIER = abdul.EssentailApp;
				PRODUCT_NAME = "$(TARGET_NAME)";
				SWIFT_EMIT_LOC_STRINGS = YES;
				SWIFT_VERSION = 5.0;
				TARGETED_DEVICE_FAMILY = "1,2";
			};
			name = Debug;
		};
		65C233172C1EB77D00E09195 /* Release */ = {
			isa = XCBuildConfiguration;
			buildSettings = {
				ASSETCATALOG_COMPILER_APPICON_NAME = AppIcon;
				ASSETCATALOG_COMPILER_GLOBAL_ACCENT_COLOR_NAME = AccentColor;
				CODE_SIGN_STYLE = Automatic;
				CURRENT_PROJECT_VERSION = 1;
				DEVELOPMENT_TEAM = ADTR2923N7;
				GENERATE_INFOPLIST_FILE = YES;
				INFOPLIST_FILE = EssentailApp/Info.plist;
				INFOPLIST_KEY_UIApplicationSupportsIndirectInputEvents = YES;
				INFOPLIST_KEY_UILaunchStoryboardName = LaunchScreen;
				INFOPLIST_KEY_UIMainStoryboardFile = Main;
				INFOPLIST_KEY_UISupportedInterfaceOrientations_iPad = "UIInterfaceOrientationPortrait UIInterfaceOrientationPortraitUpsideDown UIInterfaceOrientationLandscapeLeft UIInterfaceOrientationLandscapeRight";
				INFOPLIST_KEY_UISupportedInterfaceOrientations_iPhone = "UIInterfaceOrientationPortrait UIInterfaceOrientationLandscapeLeft UIInterfaceOrientationLandscapeRight";
				LD_RUNPATH_SEARCH_PATHS = (
					"$(inherited)",
					"@executable_path/Frameworks",
				);
				MARKETING_VERSION = 1.0;
				PRODUCT_BUNDLE_IDENTIFIER = abdul.EssentailApp;
				PRODUCT_NAME = "$(TARGET_NAME)";
				SWIFT_EMIT_LOC_STRINGS = YES;
				SWIFT_VERSION = 5.0;
				TARGETED_DEVICE_FAMILY = "1,2";
			};
			name = Release;
		};
/* End XCBuildConfiguration section */

/* Begin XCConfigurationList section */
		652B69822C1EBD7D004EB4DD /* Build configuration list for PBXNativeTarget "EssentailAppTests" */ = {
			isa = XCConfigurationList;
			buildConfigurations = (
				652B69802C1EBD7D004EB4DD /* Debug */,
				652B69812C1EBD7D004EB4DD /* Release */,
			);
			defaultConfigurationIsVisible = 0;
			defaultConfigurationName = Release;
		};
		65C232FC2C1EB77800E09195 /* Build configuration list for PBXProject "EssentailApp" */ = {
			isa = XCConfigurationList;
			buildConfigurations = (
				65C233132C1EB77D00E09195 /* Debug */,
				65C233142C1EB77D00E09195 /* Release */,
			);
			defaultConfigurationIsVisible = 0;
			defaultConfigurationName = Release;
		};
		65C233152C1EB77D00E09195 /* Build configuration list for PBXNativeTarget "EssentailApp" */ = {
			isa = XCConfigurationList;
			buildConfigurations = (
				65C233162C1EB77D00E09195 /* Debug */,
				65C233172C1EB77D00E09195 /* Release */,
			);
			defaultConfigurationIsVisible = 0;
			defaultConfigurationName = Release;
		};
/* End XCConfigurationList section */
	};
	rootObject = 65C232F92C1EB77800E09195 /* Project object */;
}
